
Microsoft Visual Studio Solution File, Format Version 12.00
# Visual Studio Version 17
VisualStudioVersion = 17.1.32407.343
MinimumVisualStudioVersion = 10.0.40219.1
Project("{FAE04EC0-301F-11D3-BF4B-00C04F79EFBC}") = "CSharpDay6Assignments", "CSharpDay6Assignments\CSharpDay6Assignments.csproj", "{81BBC3B8-B53E-4AA3-ADCB-0442EE50E2AF}"
EndProject
Global
	GlobalSection(SolutionConfigurationPlatforms) = preSolution
		Debug|Any CPU = Debug|Any CPU
		Release|Any CPU = Release|Any CPU
	EndGlobalSection
	GlobalSection(ProjectConfigurationPlatforms) = postSolution
		{81BBC3B8-B53E-4AA3-ADCB-0442EE50E2AF}.Debug|Any CPU.ActiveCfg = Debug|Any CPU
		{81BBC3B8-B53E-4AA3-ADCB-0442EE50E2AF}.Debug|Any CPU.Build.0 = Debug|Any CPU
		{81BBC3B8-B53E-4AA3-ADCB-0442EE50E2AF}.Release|Any CPU.ActiveCfg = Release|Any CPU
		{81BBC3B8-B53E-4AA3-ADCB-0442EE50E2AF}.Release|Any CPU.Build.0 = Release|Any CPU
	EndGlobalSection
	GlobalSection(SolutionProperties) = preSolution
		HideSolutionNode = FALSE
	EndGlobalSection
	GlobalSection(ExtensibilityGlobals) = postSolution
		SolutionGuid = {ACA2362A-1EBE-43F2-8672-5E89687AB128}
	EndGlobalSection
EndGlobal
